
Microsoft Visual Studio Solution File, Format Version 12.00
# Visual Studio Version 17
VisualStudioVersion = 17.9.34714.143
MinimumVisualStudioVersion = 10.0.40219.1
Project("{FAE04EC0-301F-11D3-BF4B-00C04F79EFBC}") = "ImageGallery", "ImageGallery\ImageGallery.csproj", "{0593B828-D49B-4929-B2DC-EA3D50694BA2}"
EndProject
Global
	GlobalSection(SolutionConfigurationPlatforms) = preSolution
		Debug|Any CPU = Debug|Any CPU
		Release|Any CPU = Release|Any CPU
	EndGlobalSection
	GlobalSection(ProjectConfigurationPlatforms) = postSolution
		{0593B828-D49B-4929-B2DC-EA3D50694BA2}.Debug|Any CPU.ActiveCfg = Debug|Any CPU
		{0593B828-D49B-4929-B2DC-EA3D50694BA2}.Debug|Any CPU.Build.0 = Debug|Any CPU
		{0593B828-D49B-4929-B2DC-EA3D50694BA2}.Release|Any CPU.ActiveCfg = Release|Any CPU
		{0593B828-D49B-4929-B2DC-EA3D50694BA2}.Release|Any CPU.Build.0 = Release|Any CPU
	EndGlobalSection
	GlobalSection(SolutionProperties) = preSolution
		HideSolutionNode = FALSE
	EndGlobalSection
	GlobalSection(ExtensibilityGlobals) = postSolution
		SolutionGuid = {3DAB4F75-D3BA-41D2-88DD-1BDE6BC07E8D}
	EndGlobalSection
EndGlobal
